
Microsoft Visual Studio Solution File, Format Version 12.00
# Visual Studio 14
VisualStudioVersion = 14.0.23107.0
MinimumVisualStudioVersion = 10.0.40219.1
Project("{FAE04EC0-301F-11D3-BF4B-00C04F79EFBC}") = "Portfolio.FrontEnd", "Portfolio.FrontEnd\Portfolio.FrontEnd.csproj", "{211787BC-7AEA-40A6-B764-B15FB5E7DF58}"
EndProject
Project("{2150E333-8FDC-42A3-9474-1A3956D46DE8}") = "Applications", "Applications", "{1FF461DE-110E-41A7-90CF-6AFEDD2DAA83}"
EndProject
Global
	GlobalSection(SolutionConfigurationPlatforms) = preSolution
		Debug|Any CPU = Debug|Any CPU
		Release|Any CPU = Release|Any CPU
	EndGlobalSection
	GlobalSection(ProjectConfigurationPlatforms) = postSolution
		{211787BC-7AEA-40A6-B764-B15FB5E7DF58}.Debug|Any CPU.ActiveCfg = Debug|Any CPU
		{211787BC-7AEA-40A6-B764-B15FB5E7DF58}.Debug|Any CPU.Build.0 = Debug|Any CPU
		{211787BC-7AEA-40A6-B764-B15FB5E7DF58}.Release|Any CPU.ActiveCfg = Release|Any CPU
		{211787BC-7AEA-40A6-B764-B15FB5E7DF58}.Release|Any CPU.Build.0 = Release|Any CPU
	EndGlobalSection
	GlobalSection(SolutionProperties) = preSolution
		HideSolutionNode = FALSE
	EndGlobalSection
	GlobalSection(NestedProjects) = preSolution
		{211787BC-7AEA-40A6-B764-B15FB5E7DF58} = {1FF461DE-110E-41A7-90CF-6AFEDD2DAA83}
	EndGlobalSection
EndGlobal
